// !$*UTF8*$!
{
	archiveVersion = 1;
	classes = {
	};
	objectVersion = 77;
	objects = {

/* Begin PBXBuildFile section */
		0247DA926872D77EE6213E40 /* Settings.swift in Sources */ = {isa = PBXBuildFile; fileRef = F8BA92FC527EB4ED57F778CF /* Settings.swift */; };
		0375B581844B778324D6C72D /* RideHistory.swift in Sources */ = {isa = PBXBuildFile; fileRef = B6BE9DB60B0CDD581339830D /* RideHistory.swift */; };
		0FCFF98D51EBF10F932AAC54 /* Assets.xcassets in Resources */ = {isa = PBXBuildFile; fileRef = 9D8DA170CD07919B455B0B7B /* Assets.xcassets */; };
		1473FF6831509CB88842D449 /* RideActivityAttributes.swift in Sources */ = {isa = PBXBuildFile; fileRef = EB9F0028CC45BE2A2C4C13FB /* RideActivityAttributes.swift */; };
		23531056D00EF8A850320903 /* DirectionsTests.swift in Sources */ = {isa = PBXBuildFile; fileRef = 2BF8F6FC0540D2B42CD6B091 /* DirectionsTests.swift */; };
		295895DCCB3C79B0E7BC174E /* NavigationPreviewView.swift in Sources */ = {isa = PBXBuildFile; fileRef = 68B319E5D31B640D4C4BFB73 /* NavigationPreviewView.swift */; };
		31916BF4263E7C955F893A88 /* VoicePrompts.swift in Sources */ = {isa = PBXBuildFile; fileRef = 7599F9C01BBD0DAE2D96AC29 /* VoicePrompts.swift */; };
		343AA9999548682B568F93BE /* Polyline.swift in Sources */ = {isa = PBXBuildFile; fileRef = 29B7A8BFB3F932F7A9A79CDB /* Polyline.swift */; };
		3C480DC3C62BA16A0CFD18DF /* NavigationTests.swift in Sources */ = {isa = PBXBuildFile; fileRef = 69712FA4914A9B24E43A5CEA /* NavigationTests.swift */; };
		467E4FC59F59A84A868F4DFD /* RouteStatusViews.swift in Sources */ = {isa = PBXBuildFile; fileRef = 45E6B236766B0585E0E22204 /* RouteStatusViews.swift */; };
		493288D4BFE676AD50224766 /* NavigateView.swift in Sources */ = {isa = PBXBuildFile; fileRef = 645222C2337DD9CED2ACF1B3 /* NavigateView.swift */; };
		4C486029D66F317D39780030 /* DirectionsAppTests.swift in Sources */ = {isa = PBXBuildFile; fileRef = 4CF40A6A34F48E02A7E366BF /* DirectionsAppTests.swift */; };
		4CAC01801BBCC29645D3851E /* CycleOdometerWidgets.appex in Embed Foundation Extensions */ = {isa = PBXBuildFile; fileRef = F1547A729DBEE3FBF4F62681 /* CycleOdometerWidgets.appex */; settings = {ATTRIBUTES = (RemoveHeadersOnCopy, ); }; };
		501D6285CAE1B0601F542862 /* Directions.swift in Sources */ = {isa = PBXBuildFile; fileRef = F6B762E4F3D366FE3215278B /* Directions.swift */; };
		521EFFC7BE299BCB7F82AF54 /* CycleOdometerApp.swift in Sources */ = {isa = PBXBuildFile; fileRef = 7F6984A3A568C118ABFFE619 /* CycleOdometerApp.swift */; };
		58CF4590BDBECDCEAF7AEA44 /* Controls.swift in Sources */ = {isa = PBXBuildFile; fileRef = 457B2E3E91831E600DC4BDBA /* Controls.swift */; };
		59FD33DCF985865C0223D311 /* RouteFollower.swift in Sources */ = {isa = PBXBuildFile; fileRef = 4434F4FB2789CC9313EF20BC /* RouteFollower.swift */; };
		5DA18D44E170776FB3522325 /* RouteLibrary.swift in Sources */ = {isa = PBXBuildFile; fileRef = 912C794D5A7AE36232975704 /* RouteLibrary.swift */; };
		66396E6B6C0DA18A288E2C09 /* StartView.swift in Sources */ = {isa = PBXBuildFile; fileRef = 4AFDDA9D394AF824CA68728A /* StartView.swift */; };
		7FFE4A8976F05D18700883DC /* RouteFollowerTests.swift in Sources */ = {isa = PBXBuildFile; fileRef = 0E749617E34C6C73E81CD1DB /* RouteFollowerTests.swift */; };
		83AAD286EB7248CFF30B3FAF /* Navigation.swift in Sources */ = {isa = PBXBuildFile; fileRef = A64A371FA86638068B4A2238 /* Navigation.swift */; };
		8E18E6F214EF9265FB5684E0 /* TurnTests.swift in Sources */ = {isa = PBXBuildFile; fileRef = 41604346E7095385EFA5AEE0 /* TurnTests.swift */; };
		A10B0DF16D634E722B688E4F /* RideMapView.swift in Sources */ = {isa = PBXBuildFile; fileRef = 0F5FE8991650D9B57E931A04 /* RideMapView.swift */; };
		A72F16F97E442329E21886BF /* CompassView.swift in Sources */ = {isa = PBXBuildFile; fileRef = 54152D4D1ED844C5541B7451 /* CompassView.swift */; };
		A756B129FCEA56A814D03BB7 /* Turns.swift in Sources */ = {isa = PBXBuildFile; fileRef = F6029DF1AE8F5A0B9268ADFE /* Turns.swift */; };
		AD2D7EE9C15655DFC6FFD318 /* SpeedGauge.swift in Sources */ = {isa = PBXBuildFile; fileRef = 464D23EB5E279AB2D5AF22ED /* SpeedGauge.swift */; };
		BDC6551CF5AAC6514332A3A5 /* RideActivityAttributes.swift in Sources */ = {isa = PBXBuildFile; fileRef = EB9F0028CC45BE2A2C4C13FB /* RideActivityAttributes.swift */; };
		C37CFE47F5700FAD59E4D4B3 /* RideView.swift in Sources */ = {isa = PBXBuildFile; fileRef = 497C1DC7D94EE20F3DEDBA48 /* RideView.swift */; };
		C77D23D93B3B30291AC0E6F4 /* VoicePromptTests.swift in Sources */ = {isa = PBXBuildFile; fileRef = EA6C109649C0C8FB4FD48FFE /* VoicePromptTests.swift */; };
		C9FA60B87E3DEE105310A480 /* RideLiveActivityWidget.swift in Sources */ = {isa = PBXBuildFile; fileRef = 39FE057B4EA78C47E6F8B12E /* RideLiveActivityWidget.swift */; };
		D12DFBB317B084188699FEE0 /* RouteTests.swift in Sources */ = {isa = PBXBuildFile; fileRef = 2D29B119956A2712C5DF514A /* RouteTests.swift */; };
		D8EF84B668D6CCEDACB5E169 /* Track.swift in Sources */ = {isa = PBXBuildFile; fileRef = 85F4BD553DBAED49E898E413 /* Track.swift */; };
		DB20FED49DB489DE11C0E945 /* GPX.swift in Sources */ = {isa = PBXBuildFile; fileRef = 5787AC9831CAF961B83D90CC /* GPX.swift */; };
		E68CE66E264AE7EEE8115241 /* RideLiveActivity.swift in Sources */ = {isa = PBXBuildFile; fileRef = 1DA0473D76C8B26AA9E48F3F /* RideLiveActivity.swift */; };
		E77BDC7A2EEB7E3F3759600E /* RideTracker.swift in Sources */ = {isa = PBXBuildFile; fileRef = F8A3E2D50CBA48E4BBA06195 /* RideTracker.swift */; };
		EB7A3AF153D5D102B8D2320C /* RoutesView.swift in Sources */ = {isa = PBXBuildFile; fileRef = 6B88B5DDB963FCBC216F1043 /* RoutesView.swift */; };
		EE9058EB83E5510AEE3808C4 /* RouteStartView.swift in Sources */ = {isa = PBXBuildFile; fileRef = 672A02117726305D81F47669 /* RouteStartView.swift */; };
		EEE2F7C78FB7EA354F022063 /* RideDetailView.swift in Sources */ = {isa = PBXBuildFile; fileRef = 049AAEF37FF0C4BD045ACC79 /* RideDetailView.swift */; };
		F56BD8C036BA855CDCAFDBFC /* HistoryView.swift in Sources */ = {isa = PBXBuildFile; fileRef = 89AC8FCAD7884F6552783A88 /* HistoryView.swift */; };
		F659365425A4B571905F74BC /* GuidanceTests.swift in Sources */ = {isa = PBXBuildFile; fileRef = 26EC712F67A37A9CB855C74C /* GuidanceTests.swift */; };
		F764B71E6F6FFBDDDF065B92 /* LiveActivityTests.swift in Sources */ = {isa = PBXBuildFile; fileRef = 74E81E111202CB835D178D3F /* LiveActivityTests.swift */; };
		FE61EA594D63D9DC2AE88763 /* DirectionsApp.swift in Sources */ = {isa = PBXBuildFile; fileRef = 52364906334C85935914937C /* DirectionsApp.swift */; };
		FFFFB4FF77ACAD3163C8E2BE /* TrackTests.swift in Sources */ = {isa = PBXBuildFile; fileRef = F7AECE31705D7D14CDC2CA2D /* TrackTests.swift */; };
/* End PBXBuildFile section */

/* Begin PBXContainerItemProxy section */
		95DFC365C626F42B87458A6C /* PBXContainerItemProxy */ = {
			isa = PBXContainerItemProxy;
			containerPortal = 1C2C247B77C8C7C86704A567 /* Project object */;
			proxyType = 1;
			remoteGlobalIDString = D63C64DA4C8A59A1CE01C60B;
			remoteInfo = CycleOdometer;
		};
		D0D207FED0E6547ECF6FA8EE /* PBXContainerItemProxy */ = {
			isa = PBXContainerItemProxy;
			containerPortal = 1C2C247B77C8C7C86704A567 /* Project object */;
			proxyType = 1;
			remoteGlobalIDString = 7531F77218E212136EC9AB9F;
			remoteInfo = CycleOdometerWidgets;
		};
/* End PBXContainerItemProxy section */

/* Begin PBXCopyFilesBuildPhase section */
		98CF9315DD1CFC44F760283A /* Embed Foundation Extensions */ = {
			isa = PBXCopyFilesBuildPhase;
			buildActionMask = 2147483647;
			dstPath = "";
			dstSubfolderSpec = 13;
			files = (
				4CAC01801BBCC29645D3851E /* CycleOdometerWidgets.appex in Embed Foundation Extensions */,
			);
			name = "Embed Foundation Extensions";
			runOnlyForDeploymentPostprocessing = 0;
		};
/* End PBXCopyFilesBuildPhase section */

/* Begin PBXFileReference section */
		049AAEF37FF0C4BD045ACC79 /* RideDetailView.swift */ = {isa = PBXFileReference; lastKnownFileType = sourcecode.swift; path = RideDetailView.swift; sourceTree = "<group>"; };
		0E749617E34C6C73E81CD1DB /* RouteFollowerTests.swift */ = {isa = PBXFileReference; lastKnownFileType = sourcecode.swift; path = RouteFollowerTests.swift; sourceTree = "<group>"; };
		0F5FE8991650D9B57E931A04 /* RideMapView.swift */ = {isa = PBXFileReference; lastKnownFileType = sourcecode.swift; path = RideMapView.swift; sourceTree = "<group>"; };
		1DA0473D76C8B26AA9E48F3F /* RideLiveActivity.swift */ = {isa = PBXFileReference; lastKnownFileType = sourcecode.swift; path = RideLiveActivity.swift; sourceTree = "<group>"; };
		26EC712F67A37A9CB855C74C /* GuidanceTests.swift */ = {isa = PBXFileReference; lastKnownFileType = sourcecode.swift; path = GuidanceTests.swift; sourceTree = "<group>"; };
		29B7A8BFB3F932F7A9A79CDB /* Polyline.swift */ = {isa = PBXFileReference; lastKnownFileType = sourcecode.swift; path = Polyline.swift; sourceTree = "<group>"; };
		2BF8F6FC0540D2B42CD6B091 /* DirectionsTests.swift */ = {isa = PBXFileReference; lastKnownFileType = sourcecode.swift; path = DirectionsTests.swift; sourceTree = "<group>"; };
		2D29B119956A2712C5DF514A /* RouteTests.swift */ = {isa = PBXFileReference; lastKnownFileType = sourcecode.swift; path = RouteTests.swift; sourceTree = "<group>"; };
		39FE057B4EA78C47E6F8B12E /* RideLiveActivityWidget.swift */ = {isa = PBXFileReference; lastKnownFileType = sourcecode.swift; path = RideLiveActivityWidget.swift; sourceTree = "<group>"; };
		41604346E7095385EFA5AEE0 /* TurnTests.swift */ = {isa = PBXFileReference; lastKnownFileType = sourcecode.swift; path = TurnTests.swift; sourceTree = "<group>"; };
		4434F4FB2789CC9313EF20BC /* RouteFollower.swift */ = {isa = PBXFileReference; lastKnownFileType = sourcecode.swift; path = RouteFollower.swift; sourceTree = "<group>"; };
		457B2E3E91831E600DC4BDBA /* Controls.swift */ = {isa = PBXFileReference; lastKnownFileType = sourcecode.swift; path = Controls.swift; sourceTree = "<group>"; };
		45E6B236766B0585E0E22204 /* RouteStatusViews.swift */ = {isa = PBXFileReference; lastKnownFileType = sourcecode.swift; path = RouteStatusViews.swift; sourceTree = "<group>"; };
		464D23EB5E279AB2D5AF22ED /* SpeedGauge.swift */ = {isa = PBXFileReference; lastKnownFileType = sourcecode.swift; path = SpeedGauge.swift; sourceTree = "<group>"; };
		497C1DC7D94EE20F3DEDBA48 /* RideView.swift */ = {isa = PBXFileReference; lastKnownFileType = sourcecode.swift; path = RideView.swift; sourceTree = "<group>"; };
		4AFDDA9D394AF824CA68728A /* StartView.swift */ = {isa = PBXFileReference; lastKnownFileType = sourcecode.swift; path = StartView.swift; sourceTree = "<group>"; };
		4CF40A6A34F48E02A7E366BF /* DirectionsAppTests.swift */ = {isa = PBXFileReference; lastKnownFileType = sourcecode.swift; path = DirectionsAppTests.swift; sourceTree = "<group>"; };
		52364906334C85935914937C /* DirectionsApp.swift */ = {isa = PBXFileReference; lastKnownFileType = sourcecode.swift; path = DirectionsApp.swift; sourceTree = "<group>"; };
		54152D4D1ED844C5541B7451 /* CompassView.swift */ = {isa = PBXFileReference; lastKnownFileType = sourcecode.swift; path = CompassView.swift; sourceTree = "<group>"; };
		5787AC9831CAF961B83D90CC /* GPX.swift */ = {isa = PBXFileReference; lastKnownFileType = sourcecode.swift; path = GPX.swift; sourceTree = "<group>"; };
		5F689B0548650E5562BA8EB9 /* Info.plist */ = {isa = PBXFileReference; lastKnownFileType = text.plist; path = Info.plist; sourceTree = "<group>"; };
		645222C2337DD9CED2ACF1B3 /* NavigateView.swift */ = {isa = PBXFileReference; lastKnownFileType = sourcecode.swift; path = NavigateView.swift; sourceTree = "<group>"; };
		672A02117726305D81F47669 /* RouteStartView.swift */ = {isa = PBXFileReference; lastKnownFileType = sourcecode.swift; path = RouteStartView.swift; sourceTree = "<group>"; };
		68B319E5D31B640D4C4BFB73 /* NavigationPreviewView.swift */ = {isa = PBXFileReference; lastKnownFileType = sourcecode.swift; path = NavigationPreviewView.swift; sourceTree = "<group>"; };
		69712FA4914A9B24E43A5CEA /* NavigationTests.swift */ = {isa = PBXFileReference; lastKnownFileType = sourcecode.swift; path = NavigationTests.swift; sourceTree = "<group>"; };
		6B88B5DDB963FCBC216F1043 /* RoutesView.swift */ = {isa = PBXFileReference; lastKnownFileType = sourcecode.swift; path = RoutesView.swift; sourceTree = "<group>"; };
		74E81E111202CB835D178D3F /* LiveActivityTests.swift */ = {isa = PBXFileReference; lastKnownFileType = sourcecode.swift; path = LiveActivityTests.swift; sourceTree = "<group>"; };
		7599F9C01BBD0DAE2D96AC29 /* VoicePrompts.swift */ = {isa = PBXFileReference; lastKnownFileType = sourcecode.swift; path = VoicePrompts.swift; sourceTree = "<group>"; };
		7F6984A3A568C118ABFFE619 /* CycleOdometerApp.swift */ = {isa = PBXFileReference; lastKnownFileType = sourcecode.swift; path = CycleOdometerApp.swift; sourceTree = "<group>"; };
		85F4BD553DBAED49E898E413 /* Track.swift */ = {isa = PBXFileReference; lastKnownFileType = sourcecode.swift; path = Track.swift; sourceTree = "<group>"; };
		89AC8FCAD7884F6552783A88 /* HistoryView.swift */ = {isa = PBXFileReference; lastKnownFileType = sourcecode.swift; path = HistoryView.swift; sourceTree = "<group>"; };
		912C794D5A7AE36232975704 /* RouteLibrary.swift */ = {isa = PBXFileReference; lastKnownFileType = sourcecode.swift; path = RouteLibrary.swift; sourceTree = "<group>"; };
		9D8DA170CD07919B455B0B7B /* Assets.xcassets */ = {isa = PBXFileReference; lastKnownFileType = folder.assetcatalog; path = Assets.xcassets; sourceTree = "<group>"; };
		A64A371FA86638068B4A2238 /* Navigation.swift */ = {isa = PBXFileReference; lastKnownFileType = sourcecode.swift; path = Navigation.swift; sourceTree = "<group>"; };
		B6BE9DB60B0CDD581339830D /* RideHistory.swift */ = {isa = PBXFileReference; lastKnownFileType = sourcecode.swift; path = RideHistory.swift; sourceTree = "<group>"; };
		D9B7A0719302AEC84EA8DBC7 /* CycleOdometer.app */ = {isa = PBXFileReference; includeInIndex = 0; lastKnownFileType = wrapper.application; path = CycleOdometer.app; sourceTree = BUILT_PRODUCTS_DIR; };
		EA6C109649C0C8FB4FD48FFE /* VoicePromptTests.swift */ = {isa = PBXFileReference; lastKnownFileType = sourcecode.swift; path = VoicePromptTests.swift; sourceTree = "<group>"; };
		EB9F0028CC45BE2A2C4C13FB /* RideActivityAttributes.swift */ = {isa = PBXFileReference; lastKnownFileType = sourcecode.swift; path = RideActivityAttributes.swift; sourceTree = "<group>"; };
		F1547A729DBEE3FBF4F62681 /* CycleOdometerWidgets.appex */ = {isa = PBXFileReference; includeInIndex = 0; lastKnownFileType = "wrapper.app-extension"; path = CycleOdometerWidgets.appex; sourceTree = BUILT_PRODUCTS_DIR; };
		F217176C097D574473357DFC /* CycleOdometerTests.xctest */ = {isa = PBXFileReference; includeInIndex = 0; lastKnownFileType = wrapper.cfbundle; path = CycleOdometerTests.xctest; sourceTree = BUILT_PRODUCTS_DIR; };
		F4520F305083BAED0B38B55B /* Info.plist */ = {isa = PBXFileReference; lastKnownFileType = text.plist; path = Info.plist; sourceTree = "<group>"; };
		F6029DF1AE8F5A0B9268ADFE /* Turns.swift */ = {isa = PBXFileReference; lastKnownFileType = sourcecode.swift; path = Turns.swift; sourceTree = "<group>"; };
		F6B762E4F3D366FE3215278B /* Directions.swift */ = {isa = PBXFileReference; lastKnownFileType = sourcecode.swift; path = Directions.swift; sourceTree = "<group>"; };
		F7AECE31705D7D14CDC2CA2D /* TrackTests.swift */ = {isa = PBXFileReference; lastKnownFileType = sourcecode.swift; path = TrackTests.swift; sourceTree = "<group>"; };
		F8A3E2D50CBA48E4BBA06195 /* RideTracker.swift */ = {isa = PBXFileReference; lastKnownFileType = sourcecode.swift; path = RideTracker.swift; sourceTree = "<group>"; };
		F8BA92FC527EB4ED57F778CF /* Settings.swift */ = {isa = PBXFileReference; lastKnownFileType = sourcecode.swift; path = Settings.swift; sourceTree = "<group>"; };
/* End PBXFileReference section */

/* Begin PBXGroup section */
		02B4863A691959A0A9D34589 /* CycleOdometerTests */ = {
			isa = PBXGroup;
			children = (
				4CF40A6A34F48E02A7E366BF /* DirectionsAppTests.swift */,
				2BF8F6FC0540D2B42CD6B091 /* DirectionsTests.swift */,
				26EC712F67A37A9CB855C74C /* GuidanceTests.swift */,
				74E81E111202CB835D178D3F /* LiveActivityTests.swift */,
				69712FA4914A9B24E43A5CEA /* NavigationTests.swift */,
				0E749617E34C6C73E81CD1DB /* RouteFollowerTests.swift */,
				2D29B119956A2712C5DF514A /* RouteTests.swift */,
				F7AECE31705D7D14CDC2CA2D /* TrackTests.swift */,
				41604346E7095385EFA5AEE0 /* TurnTests.swift */,
				EA6C109649C0C8FB4FD48FFE /* VoicePromptTests.swift */,
			);
			path = CycleOdometerTests;
			sourceTree = "<group>";
		};
		1EDB787EFCFA4FFF94EDAD72 = {
			isa = PBXGroup;
			children = (
				7F78ACC4EBF7F57E071D2C01 /* CycleOdometer */,
				02B4863A691959A0A9D34589 /* CycleOdometerTests */,
				93DD54EFE00F49DEFFC87D82 /* CycleOdometerWidgets */,
				561CF02F3E33D74DC959E28D /* Products */,
			);
			sourceTree = "<group>";
		};
		561CF02F3E33D74DC959E28D /* Products */ = {
			isa = PBXGroup;
			children = (
				D9B7A0719302AEC84EA8DBC7 /* CycleOdometer.app */,
				F217176C097D574473357DFC /* CycleOdometerTests.xctest */,
				F1547A729DBEE3FBF4F62681 /* CycleOdometerWidgets.appex */,
			);
			name = Products;
			sourceTree = "<group>";
		};
		7F78ACC4EBF7F57E071D2C01 /* CycleOdometer */ = {
			isa = PBXGroup;
			children = (
				9D8DA170CD07919B455B0B7B /* Assets.xcassets */,
				54152D4D1ED844C5541B7451 /* CompassView.swift */,
				457B2E3E91831E600DC4BDBA /* Controls.swift */,
				7F6984A3A568C118ABFFE619 /* CycleOdometerApp.swift */,
				F6B762E4F3D366FE3215278B /* Directions.swift */,
				52364906334C85935914937C /* DirectionsApp.swift */,
				5787AC9831CAF961B83D90CC /* GPX.swift */,
				89AC8FCAD7884F6552783A88 /* HistoryView.swift */,
				F4520F305083BAED0B38B55B /* Info.plist */,
				645222C2337DD9CED2ACF1B3 /* NavigateView.swift */,
				A64A371FA86638068B4A2238 /* Navigation.swift */,
				68B319E5D31B640D4C4BFB73 /* NavigationPreviewView.swift */,
				29B7A8BFB3F932F7A9A79CDB /* Polyline.swift */,
				EB9F0028CC45BE2A2C4C13FB /* RideActivityAttributes.swift */,
				049AAEF37FF0C4BD045ACC79 /* RideDetailView.swift */,
				B6BE9DB60B0CDD581339830D /* RideHistory.swift */,
				1DA0473D76C8B26AA9E48F3F /* RideLiveActivity.swift */,
				0F5FE8991650D9B57E931A04 /* RideMapView.swift */,
				F8A3E2D50CBA48E4BBA06195 /* RideTracker.swift */,
				497C1DC7D94EE20F3DEDBA48 /* RideView.swift */,
				4434F4FB2789CC9313EF20BC /* RouteFollower.swift */,
				912C794D5A7AE36232975704 /* RouteLibrary.swift */,
				672A02117726305D81F47669 /* RouteStartView.swift */,
				45E6B236766B0585E0E22204 /* RouteStatusViews.swift */,
				6B88B5DDB963FCBC216F1043 /* RoutesView.swift */,
				F8BA92FC527EB4ED57F778CF /* Settings.swift */,
				464D23EB5E279AB2D5AF22ED /* SpeedGauge.swift */,
				4AFDDA9D394AF824CA68728A /* StartView.swift */,
				85F4BD553DBAED49E898E413 /* Track.swift */,
				F6029DF1AE8F5A0B9268ADFE /* Turns.swift */,
				7599F9C01BBD0DAE2D96AC29 /* VoicePrompts.swift */,
			);
			path = CycleOdometer;
			sourceTree = "<group>";
		};
		93DD54EFE00F49DEFFC87D82 /* CycleOdometerWidgets */ = {
			isa = PBXGroup;
			children = (
				5F689B0548650E5562BA8EB9 /* Info.plist */,
				39FE057B4EA78C47E6F8B12E /* RideLiveActivityWidget.swift */,
			);
			path = CycleOdometerWidgets;
			sourceTree = "<group>";
		};
/* End PBXGroup section */

/* Begin PBXNativeTarget section */
		55D89CC0F8192D107D5C791C /* CycleOdometerTests */ = {
			isa = PBXNativeTarget;
			buildConfigurationList = 6A8187ADDCD7B7F11E70DF62 /* Build configuration list for PBXNativeTarget "CycleOdometerTests" */;
			buildPhases = (
				DBAA188469F650CDAB73D270 /* Sources */,
			);
			buildRules = (
			);
			dependencies = (
				8B2B3811D6B81B106299BCEA /* PBXTargetDependency */,
			);
			name = CycleOdometerTests;
			packageProductDependencies = (
			);
			productName = CycleOdometerTests;
			productReference = F217176C097D574473357DFC /* CycleOdometerTests.xctest */;
			productType = "com.apple.product-type.bundle.unit-test";
		};
		7531F77218E212136EC9AB9F /* CycleOdometerWidgets */ = {
			isa = PBXNativeTarget;
			buildConfigurationList = E7EC7C11561FE86599C0A118 /* Build configuration list for PBXNativeTarget "CycleOdometerWidgets" */;
			buildPhases = (
				5B645ECEE6FD9D525B55BADC /* Sources */,
			);
			buildRules = (
			);
			dependencies = (
			);
			name = CycleOdometerWidgets;
			packageProductDependencies = (
			);
			productName = CycleOdometerWidgets;
			productReference = F1547A729DBEE3FBF4F62681 /* CycleOdometerWidgets.appex */;
			productType = "com.apple.product-type.app-extension";
		};
		D63C64DA4C8A59A1CE01C60B /* CycleOdometer */ = {
			isa = PBXNativeTarget;
			buildConfigurationList = 02623733093277513453864F /* Build configuration list for PBXNativeTarget "CycleOdometer" */;
			buildPhases = (
				0FC75F4A101B8DF80EEA561B /* Sources */,
				0D926B6BE0899DF443798DC8 /* Resources */,
				98CF9315DD1CFC44F760283A /* Embed Foundation Extensions */,
			);
			buildRules = (
			);
			dependencies = (
				80693EC4DE17A1C513C69C9C /* PBXTargetDependency */,
			);
			name = CycleOdometer;
			packageProductDependencies = (
			);
			productName = CycleOdometer;
			productReference = D9B7A0719302AEC84EA8DBC7 /* CycleOdometer.app */;
			productType = "com.apple.product-type.application";
		};
/* End PBXNativeTarget section */

/* Begin PBXProject section */
		1C2C247B77C8C7C86704A567 /* Project object */ = {
			isa = PBXProject;
			attributes = {
				BuildIndependentTargetsInParallel = YES;
				LastUpgradeCheck = 1430;
				TargetAttributes = {
					55D89CC0F8192D107D5C791C = {
						DevelopmentTeam = 46KWJJ63FU;
						ProvisioningStyle = Automatic;
					};
					7531F77218E212136EC9AB9F = {
						DevelopmentTeam = 46KWJJ63FU;
						ProvisioningStyle = Automatic;
					};
					D63C64DA4C8A59A1CE01C60B = {
						DevelopmentTeam = 46KWJJ63FU;
						ProvisioningStyle = Automatic;
					};
				};
			};
			buildConfigurationList = D77F712640E6F99024AD70CB /* Build configuration list for PBXProject "CycleOdometer" */;
			compatibilityVersion = "Xcode 14.0";
			developmentRegion = en;
			hasScannedForEncodings = 0;
			knownRegions = (
				Base,
				en,
			);
			mainGroup = 1EDB787EFCFA4FFF94EDAD72;
			minimizedProjectReferenceProxies = 1;
			preferredProjectObjectVersion = 77;
			projectDirPath = "";
			projectRoot = "";
			targets = (
				D63C64DA4C8A59A1CE01C60B /* CycleOdometer */,
				55D89CC0F8192D107D5C791C /* CycleOdometerTests */,
				7531F77218E212136EC9AB9F /* CycleOdometerWidgets */,
			);
		};
/* End PBXProject section */

/* Begin PBXResourcesBuildPhase section */
		0D926B6BE0899DF443798DC8 /* Resources */ = {
			isa = PBXResourcesBuildPhase;
			buildActionMask = 2147483647;
			files = (
				0FCFF98D51EBF10F932AAC54 /* Assets.xcassets in Resources */,
			);
			runOnlyForDeploymentPostprocessing = 0;
		};
/* End PBXResourcesBuildPhase section */

/* Begin PBXSourcesBuildPhase section */
		0FC75F4A101B8DF80EEA561B /* Sources */ = {
			isa = PBXSourcesBuildPhase;
			buildActionMask = 2147483647;
			files = (
				A72F16F97E442329E21886BF /* CompassView.swift in Sources */,
				58CF4590BDBECDCEAF7AEA44 /* Controls.swift in Sources */,
				521EFFC7BE299BCB7F82AF54 /* CycleOdometerApp.swift in Sources */,
				501D6285CAE1B0601F542862 /* Directions.swift in Sources */,
				FE61EA594D63D9DC2AE88763 /* DirectionsApp.swift in Sources */,
				DB20FED49DB489DE11C0E945 /* GPX.swift in Sources */,
				F56BD8C036BA855CDCAFDBFC /* HistoryView.swift in Sources */,
				493288D4BFE676AD50224766 /* NavigateView.swift in Sources */,
				83AAD286EB7248CFF30B3FAF /* Navigation.swift in Sources */,
				295895DCCB3C79B0E7BC174E /* NavigationPreviewView.swift in Sources */,
				343AA9999548682B568F93BE /* Polyline.swift in Sources */,
				BDC6551CF5AAC6514332A3A5 /* RideActivityAttributes.swift in Sources */,
				EEE2F7C78FB7EA354F022063 /* RideDetailView.swift in Sources */,
				0375B581844B778324D6C72D /* RideHistory.swift in Sources */,
				E68CE66E264AE7EEE8115241 /* RideLiveActivity.swift in Sources */,
				A10B0DF16D634E722B688E4F /* RideMapView.swift in Sources */,
				E77BDC7A2EEB7E3F3759600E /* RideTracker.swift in Sources */,
				C37CFE47F5700FAD59E4D4B3 /* RideView.swift in Sources */,
				59FD33DCF985865C0223D311 /* RouteFollower.swift in Sources */,
				5DA18D44E170776FB3522325 /* RouteLibrary.swift in Sources */,
				EE9058EB83E5510AEE3808C4 /* RouteStartView.swift in Sources */,
				467E4FC59F59A84A868F4DFD /* RouteStatusViews.swift in Sources */,
				EB7A3AF153D5D102B8D2320C /* RoutesView.swift in Sources */,
				0247DA926872D77EE6213E40 /* Settings.swift in Sources */,
				AD2D7EE9C15655DFC6FFD318 /* SpeedGauge.swift in Sources */,
				66396E6B6C0DA18A288E2C09 /* StartView.swift in Sources */,
				D8EF84B668D6CCEDACB5E169 /* Track.swift in Sources */,
				A756B129FCEA56A814D03BB7 /* Turns.swift in Sources */,
				31916BF4263E7C955F893A88 /* VoicePrompts.swift in Sources */,
			);
			runOnlyForDeploymentPostprocessing = 0;
		};
		5B645ECEE6FD9D525B55BADC /* Sources */ = {
			isa = PBXSourcesBuildPhase;
			buildActionMask = 2147483647;
			files = (
				1473FF6831509CB88842D449 /* RideActivityAttributes.swift in Sources */,
				C9FA60B87E3DEE105310A480 /* RideLiveActivityWidget.swift in Sources */,
			);
			runOnlyForDeploymentPostprocessing = 0;
		};
		DBAA188469F650CDAB73D270 /* Sources */ = {
			isa = PBXSourcesBuildPhase;
			buildActionMask = 2147483647;
			files = (
				4C486029D66F317D39780030 /* DirectionsAppTests.swift in Sources */,
				23531056D00EF8A850320903 /* DirectionsTests.swift in Sources */,
				F659365425A4B571905F74BC /* GuidanceTests.swift in Sources */,
				F764B71E6F6FFBDDDF065B92 /* LiveActivityTests.swift in Sources */,
				3C480DC3C62BA16A0CFD18DF /* NavigationTests.swift in Sources */,
				7FFE4A8976F05D18700883DC /* RouteFollowerTests.swift in Sources */,
				D12DFBB317B084188699FEE0 /* RouteTests.swift in Sources */,
				FFFFB4FF77ACAD3163C8E2BE /* TrackTests.swift in Sources */,
				8E18E6F214EF9265FB5684E0 /* TurnTests.swift in Sources */,
				C77D23D93B3B30291AC0E6F4 /* VoicePromptTests.swift in Sources */,
			);
			runOnlyForDeploymentPostprocessing = 0;
		};
/* End PBXSourcesBuildPhase section */

/* Begin PBXTargetDependency section */
		80693EC4DE17A1C513C69C9C /* PBXTargetDependency */ = {
			isa = PBXTargetDependency;
			target = 7531F77218E212136EC9AB9F /* CycleOdometerWidgets */;
			targetProxy = D0D207FED0E6547ECF6FA8EE /* PBXContainerItemProxy */;
		};
		8B2B3811D6B81B106299BCEA /* PBXTargetDependency */ = {
			isa = PBXTargetDependency;
			target = D63C64DA4C8A59A1CE01C60B /* CycleOdometer */;
			targetProxy = 95DFC365C626F42B87458A6C /* PBXContainerItemProxy */;
		};
/* End PBXTargetDependency section */

/* Begin XCBuildConfiguration section */
		011297EBB9441B0FF996F0C6 /* Release */ = {
			isa = XCBuildConfiguration;
			buildSettings = {
				BUNDLE_LOADER = "$(TEST_HOST)";
				GENERATE_INFOPLIST_FILE = YES;
				LD_RUNPATH_SEARCH_PATHS = (
					"$(inherited)",
					"@executable_path/Frameworks",
					"@loader_path/Frameworks",
				);
				PRODUCT_BUNDLE_IDENTIFIER = com.williamcherry.cycleodometer.tests;
				SDKROOT = iphoneos;
				TARGETED_DEVICE_FAMILY = "1,2";
				TEST_HOST = "$(BUILT_PRODUCTS_DIR)/CycleOdometer.app/CycleOdometer";
			};
			name = Release;
		};
		223FB993F769F68B955C810B /* Release */ = {
			isa = XCBuildConfiguration;
			buildSettings = {
				ALWAYS_SEARCH_USER_PATHS = NO;
				CLANG_ANALYZER_NONNULL = YES;
				CLANG_ANALYZER_NUMBER_OBJECT_CONVERSION = YES_AGGRESSIVE;
				CLANG_CXX_LANGUAGE_STANDARD = "gnu++14";
				CLANG_CXX_LIBRARY = "libc++";
				CLANG_ENABLE_MODULES = YES;
				CLANG_ENABLE_OBJC_ARC = YES;
				CLANG_ENABLE_OBJC_WEAK = YES;
				CLANG_WARN_BLOCK_CAPTURE_AUTORELEASING = YES;
				CLANG_WARN_BOOL_CONVERSION = YES;
				CLANG_WARN_COMMA = YES;
				CLANG_WARN_CONSTANT_CONVERSION = YES;
				CLANG_WARN_DEPRECATED_OBJC_IMPLEMENTATIONS = YES;
				CLANG_WARN_DIRECT_OBJC_ISA_USAGE = YES_ERROR;
				CLANG_WARN_DOCUMENTATION_COMMENTS = YES;
				CLANG_WARN_EMPTY_BODY = YES;
				CLANG_WARN_ENUM_CONVERSION = YES;
				CLANG_WARN_INFINITE_RECURSION = YES;
				CLANG_WARN_INT_CONVERSION = YES;
				CLANG_WARN_NON_LITERAL_NULL_CONVERSION = YES;
				CLANG_WARN_OBJC_IMPLICIT_RETAIN_SELF = YES;
				CLANG_WARN_OBJC_LITERAL_CONVERSION = YES;
				CLANG_WARN_OBJC_ROOT_CLASS = YES_ERROR;
				CLANG_WARN_QUOTED_INCLUDE_IN_FRAMEWORK_HEADER = YES;
				CLANG_WARN_RANGE_LOOP_ANALYSIS = YES;
				CLANG_WARN_STRICT_PROTOTYPES = YES;
				CLANG_WARN_SUSPICIOUS_MOVE = YES;
				CLANG_WARN_UNGUARDED_AVAILABILITY = YES_AGGRESSIVE;
				CLANG_WARN_UNREACHABLE_CODE = YES;
				CLANG_WARN__DUPLICATE_METHOD_MATCH = YES;
				CODE_SIGN_STYLE = Automatic;
				COPY_PHASE_STRIP = NO;
				CURRENT_PROJECT_VERSION = 1;
				DEBUG_INFORMATION_FORMAT = "dwarf-with-dsym";
				DEVELOPMENT_TEAM = 46KWJJ63FU;
				ENABLE_NS_ASSERTIONS = NO;
				ENABLE_STRICT_OBJC_MSGSEND = YES;
				GCC_C_LANGUAGE_STANDARD = gnu11;
				GCC_NO_COMMON_BLOCKS = YES;
				GCC_WARN_64_TO_32_BIT_CONVERSION = YES;
				GCC_WARN_ABOUT_RETURN_TYPE = YES_ERROR;
				GCC_WARN_UNDECLARED_SELECTOR = YES;
				GCC_WARN_UNINITIALIZED_AUTOS = YES_AGGRESSIVE;
				GCC_WARN_UNUSED_FUNCTION = YES;
				GCC_WARN_UNUSED_VARIABLE = YES;
				IPHONEOS_DEPLOYMENT_TARGET = 26.0;
				MARKETING_VERSION = 1.0.0;
				MTL_ENABLE_DEBUG_INFO = NO;
				MTL_FAST_MATH = YES;
				PRODUCT_NAME = "$(TARGET_NAME)";
				SDKROOT = iphoneos;
				SWIFT_COMPILATION_MODE = wholemodule;
				SWIFT_OPTIMIZATION_LEVEL = "-O";
				SWIFT_VERSION = 5.0;
			};
			name = Release;
		};
		2DD96A1989FDAC0B54CB06C0 /* Release */ = {
			isa = XCBuildConfiguration;
			buildSettings = {
				ASSETCATALOG_COMPILER_APPICON_NAME = AppIcon;
				CODE_SIGN_IDENTITY = "iPhone Developer";
				INFOPLIST_FILE = CycleOdometer/Info.plist;
				LD_RUNPATH_SEARCH_PATHS = (
					"$(inherited)",
					"@executable_path/Frameworks",
				);
				PRODUCT_BUNDLE_IDENTIFIER = com.williamcherry.cycleodometer;
				SDKROOT = iphoneos;
				TARGETED_DEVICE_FAMILY = 1;
			};
			name = Release;
		};
		4C2724C46127DE948DA30CB0 /* Debug */ = {
			isa = XCBuildConfiguration;
			buildSettings = {
				BUNDLE_LOADER = "$(TEST_HOST)";
				GENERATE_INFOPLIST_FILE = YES;
				LD_RUNPATH_SEARCH_PATHS = (
					"$(inherited)",
					"@executable_path/Frameworks",
					"@loader_path/Frameworks",
				);
				PRODUCT_BUNDLE_IDENTIFIER = com.williamcherry.cycleodometer.tests;
				SDKROOT = iphoneos;
				TARGETED_DEVICE_FAMILY = "1,2";
				TEST_HOST = "$(BUILT_PRODUCTS_DIR)/CycleOdometer.app/CycleOdometer";
			};
			name = Debug;
		};
		658299DA8FECF66BBB308CAB /* Debug */ = {
			isa = XCBuildConfiguration;
			buildSettings = {
				ALWAYS_SEARCH_USER_PATHS = NO;
				CLANG_ANALYZER_NONNULL = YES;
				CLANG_ANALYZER_NUMBER_OBJECT_CONVERSION = YES_AGGRESSIVE;
				CLANG_CXX_LANGUAGE_STANDARD = "gnu++14";
				CLANG_CXX_LIBRARY = "libc++";
				CLANG_ENABLE_MODULES = YES;
				CLANG_ENABLE_OBJC_ARC = YES;
				CLANG_ENABLE_OBJC_WEAK = YES;
				CLANG_WARN_BLOCK_CAPTURE_AUTORELEASING = YES;
				CLANG_WARN_BOOL_CONVERSION = YES;
				CLANG_WARN_COMMA = YES;
				CLANG_WARN_CONSTANT_CONVERSION = YES;
				CLANG_WARN_DEPRECATED_OBJC_IMPLEMENTATIONS = YES;
				CLANG_WARN_DIRECT_OBJC_ISA_USAGE = YES_ERROR;
				CLANG_WARN_DOCUMENTATION_COMMENTS = YES;
				CLANG_WARN_EMPTY_BODY = YES;
				CLANG_WARN_ENUM_CONVERSION = YES;
				CLANG_WARN_INFINITE_RECURSION = YES;
				CLANG_WARN_INT_CONVERSION = YES;
				CLANG_WARN_NON_LITERAL_NULL_CONVERSION = YES;
				CLANG_WARN_OBJC_IMPLICIT_RETAIN_SELF = YES;
				CLANG_WARN_OBJC_LITERAL_CONVERSION = YES;
				CLANG_WARN_OBJC_ROOT_CLASS = YES_ERROR;
				CLANG_WARN_QUOTED_INCLUDE_IN_FRAMEWORK_HEADER = YES;
				CLANG_WARN_RANGE_LOOP_ANALYSIS = YES;
				CLANG_WARN_STRICT_PROTOTYPES = YES;
				CLANG_WARN_SUSPICIOUS_MOVE = YES;
				CLANG_WARN_UNGUARDED_AVAILABILITY = YES_AGGRESSIVE;
				CLANG_WARN_UNREACHABLE_CODE = YES;
				CLANG_WARN__DUPLICATE_METHOD_MATCH = YES;
				CODE_SIGN_STYLE = Automatic;
				COPY_PHASE_STRIP = NO;
				CURRENT_PROJECT_VERSION = 1;
				DEBUG_INFORMATION_FORMAT = dwarf;
				DEVELOPMENT_TEAM = 46KWJJ63FU;
				ENABLE_STRICT_OBJC_MSGSEND = YES;
				ENABLE_TESTABILITY = YES;
				GCC_C_LANGUAGE_STANDARD = gnu11;
				GCC_DYNAMIC_NO_PIC = NO;
				GCC_NO_COMMON_BLOCKS = YES;
				GCC_OPTIMIZATION_LEVEL = 0;
				GCC_PREPROCESSOR_DEFINITIONS = (
					"$(inherited)",
					"DEBUG=1",
				);
				GCC_WARN_64_TO_32_BIT_CONVERSION = YES;
				GCC_WARN_ABOUT_RETURN_TYPE = YES_ERROR;
				GCC_WARN_UNDECLARED_SELECTOR = YES;
				GCC_WARN_UNINITIALIZED_AUTOS = YES_AGGRESSIVE;
				GCC_WARN_UNUSED_FUNCTION = YES;
				GCC_WARN_UNUSED_VARIABLE = YES;
				IPHONEOS_DEPLOYMENT_TARGET = 26.0;
				MARKETING_VERSION = 1.0.0;
				MTL_ENABLE_DEBUG_INFO = INCLUDE_SOURCE;
				MTL_FAST_MATH = YES;
				ONLY_ACTIVE_ARCH = YES;
				PRODUCT_NAME = "$(TARGET_NAME)";
				SDKROOT = iphoneos;
				SWIFT_ACTIVE_COMPILATION_CONDITIONS = DEBUG;
				SWIFT_OPTIMIZATION_LEVEL = "-Onone";
				SWIFT_VERSION = 5.0;
			};
			name = Debug;
		};
		689E572AFC41CBE3D4D021F5 /* Debug */ = {
			isa = XCBuildConfiguration;
			buildSettings = {
				ASSETCATALOG_COMPILER_APPICON_NAME = AppIcon;
				CODE_SIGN_IDENTITY = "iPhone Developer";
				INFOPLIST_FILE = CycleOdometer/Info.plist;
				LD_RUNPATH_SEARCH_PATHS = (
					"$(inherited)",
					"@executable_path/Frameworks",
				);
				PRODUCT_BUNDLE_IDENTIFIER = com.williamcherry.cycleodometer;
				SDKROOT = iphoneos;
				TARGETED_DEVICE_FAMILY = 1;
			};
			name = Debug;
		};
		8E625FF8FB95B39FA3D796A8 /* Debug */ = {
			isa = XCBuildConfiguration;
			buildSettings = {
				INFOPLIST_FILE = CycleOdometerWidgets/Info.plist;
				LD_RUNPATH_SEARCH_PATHS = (
					"$(inherited)",
					"@executable_path/Frameworks",
					"@executable_path/../../Frameworks",
				);
				PRODUCT_BUNDLE_IDENTIFIER = com.williamcherry.cycleodometer.widgets;
				SDKROOT = iphoneos;
				TARGETED_DEVICE_FAMILY = 1;
			};
			name = Debug;
		};
		A8A7FCFB58AFBC09F78AD4A0 /* Release */ = {
			isa = XCBuildConfiguration;
			buildSettings = {
				INFOPLIST_FILE = CycleOdometerWidgets/Info.plist;
				LD_RUNPATH_SEARCH_PATHS = (
					"$(inherited)",
					"@executable_path/Frameworks",
					"@executable_path/../../Frameworks",
				);
				PRODUCT_BUNDLE_IDENTIFIER = com.williamcherry.cycleodometer.widgets;
				SDKROOT = iphoneos;
				TARGETED_DEVICE_FAMILY = 1;
			};
			name = Release;
		};
/* End XCBuildConfiguration section */

/* Begin XCConfigurationList section */
		02623733093277513453864F /* Build configuration list for PBXNativeTarget "CycleOdometer" */ = {
			isa = XCConfigurationList;
			buildConfigurations = (
				689E572AFC41CBE3D4D021F5 /* Debug */,
				2DD96A1989FDAC0B54CB06C0 /* Release */,
			);
			defaultConfigurationIsVisible = 0;
			defaultConfigurationName = Debug;
		};
		6A8187ADDCD7B7F11E70DF62 /* Build configuration list for PBXNativeTarget "CycleOdometerTests" */ = {
			isa = XCConfigurationList;
			buildConfigurations = (
				4C2724C46127DE948DA30CB0 /* Debug */,
				011297EBB9441B0FF996F0C6 /* Release */,
			);
			defaultConfigurationIsVisible = 0;
			defaultConfigurationName = Debug;
		};
		D77F712640E6F99024AD70CB /* Build configuration list for PBXProject "CycleOdometer" */ = {
			isa = XCConfigurationList;
			buildConfigurations = (
				658299DA8FECF66BBB308CAB /* Debug */,
				223FB993F769F68B955C810B /* Release */,
			);
			defaultConfigurationIsVisible = 0;
			defaultConfigurationName = Debug;
		};
		E7EC7C11561FE86599C0A118 /* Build configuration list for PBXNativeTarget "CycleOdometerWidgets" */ = {
			isa = XCConfigurationList;
			buildConfigurations = (
				8E625FF8FB95B39FA3D796A8 /* Debug */,
				A8A7FCFB58AFBC09F78AD4A0 /* Release */,
			);
			defaultConfigurationIsVisible = 0;
			defaultConfigurationName = Debug;
		};
/* End XCConfigurationList section */
	};
	rootObject = 1C2C247B77C8C7C86704A567 /* Project object */;
}
