// !$*UTF8*$!
{
	archiveVersion = 1;
	classes = {
	};
	objectVersion = 77;
	objects = {

/* Begin PBXBuildFile section */
		0247DA926872D77EE6213E40 /* Settings.swift in Sources */ = {isa = PBXBuildFile; fileRef = F8BA92FC527EB4ED57F778CF /* Settings.swift */; };
		0375B581844B778324D6C72D /* RideHistory.swift in Sources */ = {isa = PBXBuildFile; fileRef = B6BE9DB60B0CDD581339830D /* RideHistory.swift */; };
		0FCFF98D51EBF10F932AAC54 /* Assets.xcassets in Resources */ = {isa = PBXBuildFile; fileRef = 9D8DA170CD07919B455B0B7B /* Assets.xcassets */; };
		521EFFC7BE299BCB7F82AF54 /* CycleOdometerApp.swift in Sources */ = {isa = PBXBuildFile; fileRef = 7F6984A3A568C118ABFFE619 /* CycleOdometerApp.swift */; };
		58CF4590BDBECDCEAF7AEA44 /* Controls.swift in Sources */ = {isa = PBXBuildFile; fileRef = 457B2E3E91831E600DC4BDBA /* Controls.swift */; };
		66396E6B6C0DA18A288E2C09 /* StartView.swift in Sources */ = {isa = PBXBuildFile; fileRef = 4AFDDA9D394AF824CA68728A /* StartView.swift */; };
		A72F16F97E442329E21886BF /* CompassView.swift in Sources */ = {isa = PBXBuildFile; fileRef = 54152D4D1ED844C5541B7451 /* CompassView.swift */; };
		AD2D7EE9C15655DFC6FFD318 /* SpeedGauge.swift in Sources */ = {isa = PBXBuildFile; fileRef = 464D23EB5E279AB2D5AF22ED /* SpeedGauge.swift */; };
		C37CFE47F5700FAD59E4D4B3 /* RideView.swift in Sources */ = {isa = PBXBuildFile; fileRef = 497C1DC7D94EE20F3DEDBA48 /* RideView.swift */; };
		E77BDC7A2EEB7E3F3759600E /* RideTracker.swift in Sources */ = {isa = PBXBuildFile; fileRef = F8A3E2D50CBA48E4BBA06195 /* RideTracker.swift */; };
		F56BD8C036BA855CDCAFDBFC /* HistoryView.swift in Sources */ = {isa = PBXBuildFile; fileRef = 89AC8FCAD7884F6552783A88 /* HistoryView.swift */; };
/* End PBXBuildFile section */

/* Begin PBXFileReference section */
		457B2E3E91831E600DC4BDBA /* Controls.swift */ = {isa = PBXFileReference; lastKnownFileType = sourcecode.swift; path = Controls.swift; sourceTree = "<group>"; };
		464D23EB5E279AB2D5AF22ED /* SpeedGauge.swift */ = {isa = PBXFileReference; lastKnownFileType = sourcecode.swift; path = SpeedGauge.swift; sourceTree = "<group>"; };
		497C1DC7D94EE20F3DEDBA48 /* RideView.swift */ = {isa = PBXFileReference; lastKnownFileType = sourcecode.swift; path = RideView.swift; sourceTree = "<group>"; };
		4AFDDA9D394AF824CA68728A /* StartView.swift */ = {isa = PBXFileReference; lastKnownFileType = sourcecode.swift; path = StartView.swift; sourceTree = "<group>"; };
		54152D4D1ED844C5541B7451 /* CompassView.swift */ = {isa = PBXFileReference; lastKnownFileType = sourcecode.swift; path = CompassView.swift; sourceTree = "<group>"; };
		7F6984A3A568C118ABFFE619 /* CycleOdometerApp.swift */ = {isa = PBXFileReference; lastKnownFileType = sourcecode.swift; path = CycleOdometerApp.swift; sourceTree = "<group>"; };
		89AC8FCAD7884F6552783A88 /* HistoryView.swift */ = {isa = PBXFileReference; lastKnownFileType = sourcecode.swift; path = HistoryView.swift; sourceTree = "<group>"; };
		9D8DA170CD07919B455B0B7B /* Assets.xcassets */ = {isa = PBXFileReference; lastKnownFileType = folder.assetcatalog; path = Assets.xcassets; sourceTree = "<group>"; };
		B6BE9DB60B0CDD581339830D /* RideHistory.swift */ = {isa = PBXFileReference; lastKnownFileType = sourcecode.swift; path = RideHistory.swift; sourceTree = "<group>"; };
		D9B7A0719302AEC84EA8DBC7 /* CycleOdometer.app */ = {isa = PBXFileReference; includeInIndex = 0; lastKnownFileType = wrapper.application; path = CycleOdometer.app; sourceTree = BUILT_PRODUCTS_DIR; };
		F4520F305083BAED0B38B55B /* Info.plist */ = {isa = PBXFileReference; lastKnownFileType = text.plist; path = Info.plist; sourceTree = "<group>"; };
		F8A3E2D50CBA48E4BBA06195 /* RideTracker.swift */ = {isa = PBXFileReference; lastKnownFileType = sourcecode.swift; path = RideTracker.swift; sourceTree = "<group>"; };
		F8BA92FC527EB4ED57F778CF /* Settings.swift */ = {isa = PBXFileReference; lastKnownFileType = sourcecode.swift; path = Settings.swift; sourceTree = "<group>"; };
/* End PBXFileReference section */

/* Begin PBXGroup section */
		1EDB787EFCFA4FFF94EDAD72 = {
			isa = PBXGroup;
			children = (
				7F78ACC4EBF7F57E071D2C01 /* CycleOdometer */,
				561CF02F3E33D74DC959E28D /* Products */,
			);
			sourceTree = "<group>";
		};
		561CF02F3E33D74DC959E28D /* Products */ = {
			isa = PBXGroup;
			children = (
				D9B7A0719302AEC84EA8DBC7 /* CycleOdometer.app */,
			);
			name = Products;
			sourceTree = "<group>";
		};
		7F78ACC4EBF7F57E071D2C01 /* CycleOdometer */ = {
			isa = PBXGroup;
			children = (
				9D8DA170CD07919B455B0B7B /* Assets.xcassets */,
				54152D4D1ED844C5541B7451 /* CompassView.swift */,
				457B2E3E91831E600DC4BDBA /* Controls.swift */,
				7F6984A3A568C118ABFFE619 /* CycleOdometerApp.swift */,
				89AC8FCAD7884F6552783A88 /* HistoryView.swift */,
				F4520F305083BAED0B38B55B /* Info.plist */,
				B6BE9DB60B0CDD581339830D /* RideHistory.swift */,
				F8A3E2D50CBA48E4BBA06195 /* RideTracker.swift */,
				497C1DC7D94EE20F3DEDBA48 /* RideView.swift */,
				F8BA92FC527EB4ED57F778CF /* Settings.swift */,
				464D23EB5E279AB2D5AF22ED /* SpeedGauge.swift */,
				4AFDDA9D394AF824CA68728A /* StartView.swift */,
			);
			path = CycleOdometer;
			sourceTree = "<group>";
		};
/* End PBXGroup section */

/* Begin PBXNativeTarget section */
		D63C64DA4C8A59A1CE01C60B /* CycleOdometer */ = {
			isa = PBXNativeTarget;
			buildConfigurationList = 02623733093277513453864F /* Build configuration list for PBXNativeTarget "CycleOdometer" */;
			buildPhases = (
				0FC75F4A101B8DF80EEA561B /* Sources */,
				0D926B6BE0899DF443798DC8 /* Resources */,
			);
			buildRules = (
			);
			dependencies = (
			);
			name = CycleOdometer;
			packageProductDependencies = (
			);
			productName = CycleOdometer;
			productReference = D9B7A0719302AEC84EA8DBC7 /* CycleOdometer.app */;
			productType = "com.apple.product-type.application";
		};
/* End PBXNativeTarget section */

/* Begin PBXProject section */
		1C2C247B77C8C7C86704A567 /* Project object */ = {
			isa = PBXProject;
			attributes = {
				BuildIndependentTargetsInParallel = YES;
				LastUpgradeCheck = 1430;
				TargetAttributes = {
					D63C64DA4C8A59A1CE01C60B = {
						DevelopmentTeam = 46KWJJ63FU;
						ProvisioningStyle = Automatic;
					};
				};
			};
			buildConfigurationList = D77F712640E6F99024AD70CB /* Build configuration list for PBXProject "CycleOdometer" */;
			compatibilityVersion = "Xcode 14.0";
			developmentRegion = en;
			hasScannedForEncodings = 0;
			knownRegions = (
				Base,
				en,
			);
			mainGroup = 1EDB787EFCFA4FFF94EDAD72;
			minimizedProjectReferenceProxies = 1;
			preferredProjectObjectVersion = 77;
			projectDirPath = "";
			projectRoot = "";
			targets = (
				D63C64DA4C8A59A1CE01C60B /* CycleOdometer */,
			);
		};
/* End PBXProject section */

/* Begin PBXResourcesBuildPhase section */
		0D926B6BE0899DF443798DC8 /* Resources */ = {
			isa = PBXResourcesBuildPhase;
			buildActionMask = 2147483647;
			files = (
				0FCFF98D51EBF10F932AAC54 /* Assets.xcassets in Resources */,
			);
			runOnlyForDeploymentPostprocessing = 0;
		};
/* End PBXResourcesBuildPhase section */

/* Begin PBXSourcesBuildPhase section */
		0FC75F4A101B8DF80EEA561B /* Sources */ = {
			isa = PBXSourcesBuildPhase;
			buildActionMask = 2147483647;
			files = (
				A72F16F97E442329E21886BF /* CompassView.swift in Sources */,
				58CF4590BDBECDCEAF7AEA44 /* Controls.swift in Sources */,
				521EFFC7BE299BCB7F82AF54 /* CycleOdometerApp.swift in Sources */,
				F56BD8C036BA855CDCAFDBFC /* HistoryView.swift in Sources */,
				0375B581844B778324D6C72D /* RideHistory.swift in Sources */,
				E77BDC7A2EEB7E3F3759600E /* RideTracker.swift in Sources */,
				C37CFE47F5700FAD59E4D4B3 /* RideView.swift in Sources */,
				0247DA926872D77EE6213E40 /* Settings.swift in Sources */,
				AD2D7EE9C15655DFC6FFD318 /* SpeedGauge.swift in Sources */,
				66396E6B6C0DA18A288E2C09 /* StartView.swift in Sources */,
			);
			runOnlyForDeploymentPostprocessing = 0;
		};
/* End PBXSourcesBuildPhase section */

/* Begin XCBuildConfiguration section */
		223FB993F769F68B955C810B /* Release */ = {
			isa = XCBuildConfiguration;
			buildSettings = {
				ALWAYS_SEARCH_USER_PATHS = NO;
				CLANG_ANALYZER_NONNULL = YES;
				CLANG_ANALYZER_NUMBER_OBJECT_CONVERSION = YES_AGGRESSIVE;
				CLANG_CXX_LANGUAGE_STANDARD = "gnu++14";
				CLANG_CXX_LIBRARY = "libc++";
				CLANG_ENABLE_MODULES = YES;
				CLANG_ENABLE_OBJC_ARC = YES;
				CLANG_ENABLE_OBJC_WEAK = YES;
				CLANG_WARN_BLOCK_CAPTURE_AUTORELEASING = YES;
				CLANG_WARN_BOOL_CONVERSION = YES;
				CLANG_WARN_COMMA = YES;
				CLANG_WARN_CONSTANT_CONVERSION = YES;
				CLANG_WARN_DEPRECATED_OBJC_IMPLEMENTATIONS = YES;
				CLANG_WARN_DIRECT_OBJC_ISA_USAGE = YES_ERROR;
				CLANG_WARN_DOCUMENTATION_COMMENTS = YES;
				CLANG_WARN_EMPTY_BODY = YES;
				CLANG_WARN_ENUM_CONVERSION = YES;
				CLANG_WARN_INFINITE_RECURSION = YES;
				CLANG_WARN_INT_CONVERSION = YES;
				CLANG_WARN_NON_LITERAL_NULL_CONVERSION = YES;
				CLANG_WARN_OBJC_IMPLICIT_RETAIN_SELF = YES;
				CLANG_WARN_OBJC_LITERAL_CONVERSION = YES;
				CLANG_WARN_OBJC_ROOT_CLASS = YES_ERROR;
				CLANG_WARN_QUOTED_INCLUDE_IN_FRAMEWORK_HEADER = YES;
				CLANG_WARN_RANGE_LOOP_ANALYSIS = YES;
				CLANG_WARN_STRICT_PROTOTYPES = YES;
				CLANG_WARN_SUSPICIOUS_MOVE = YES;
				CLANG_WARN_UNGUARDED_AVAILABILITY = YES_AGGRESSIVE;
				CLANG_WARN_UNREACHABLE_CODE = YES;
				CLANG_WARN__DUPLICATE_METHOD_MATCH = YES;
				COPY_PHASE_STRIP = NO;
				DEBUG_INFORMATION_FORMAT = "dwarf-with-dsym";
				ENABLE_NS_ASSERTIONS = NO;
				ENABLE_STRICT_OBJC_MSGSEND = YES;
				GCC_C_LANGUAGE_STANDARD = gnu11;
				GCC_NO_COMMON_BLOCKS = YES;
				GCC_WARN_64_TO_32_BIT_CONVERSION = YES;
				GCC_WARN_ABOUT_RETURN_TYPE = YES_ERROR;
				GCC_WARN_UNDECLARED_SELECTOR = YES;
				GCC_WARN_UNINITIALIZED_AUTOS = YES_AGGRESSIVE;
				GCC_WARN_UNUSED_FUNCTION = YES;
				GCC_WARN_UNUSED_VARIABLE = YES;
				IPHONEOS_DEPLOYMENT_TARGET = 17.0;
				MTL_ENABLE_DEBUG_INFO = NO;
				MTL_FAST_MATH = YES;
				PRODUCT_NAME = "$(TARGET_NAME)";
				SDKROOT = iphoneos;
				SWIFT_COMPILATION_MODE = wholemodule;
				SWIFT_OPTIMIZATION_LEVEL = "-O";
				SWIFT_VERSION = 5.0;
			};
			name = Release;
		};
		2DD96A1989FDAC0B54CB06C0 /* Release */ = {
			isa = XCBuildConfiguration;
			buildSettings = {
				ASSETCATALOG_COMPILER_APPICON_NAME = AppIcon;
				CODE_SIGN_IDENTITY = "iPhone Developer";
				CODE_SIGN_STYLE = Automatic;
				CURRENT_PROJECT_VERSION = 1;
				DEVELOPMENT_TEAM = 46KWJJ63FU;
				INFOPLIST_FILE = CycleOdometer/Info.plist;
				LD_RUNPATH_SEARCH_PATHS = (
					"$(inherited)",
					"@executable_path/Frameworks",
				);
				MARKETING_VERSION = 1.0.0;
				PRODUCT_BUNDLE_IDENTIFIER = com.williamcherry.cycleodometer;
				SDKROOT = iphoneos;
				SWIFT_VERSION = 5.0;
				TARGETED_DEVICE_FAMILY = 1;
			};
			name = Release;
		};
		658299DA8FECF66BBB308CAB /* Debug */ = {
			isa = XCBuildConfiguration;
			buildSettings = {
				ALWAYS_SEARCH_USER_PATHS = NO;
				CLANG_ANALYZER_NONNULL = YES;
				CLANG_ANALYZER_NUMBER_OBJECT_CONVERSION = YES_AGGRESSIVE;
				CLANG_CXX_LANGUAGE_STANDARD = "gnu++14";
				CLANG_CXX_LIBRARY = "libc++";
				CLANG_ENABLE_MODULES = YES;
				CLANG_ENABLE_OBJC_ARC = YES;
				CLANG_ENABLE_OBJC_WEAK = YES;
				CLANG_WARN_BLOCK_CAPTURE_AUTORELEASING = YES;
				CLANG_WARN_BOOL_CONVERSION = YES;
				CLANG_WARN_COMMA = YES;
				CLANG_WARN_CONSTANT_CONVERSION = YES;
				CLANG_WARN_DEPRECATED_OBJC_IMPLEMENTATIONS = YES;
				CLANG_WARN_DIRECT_OBJC_ISA_USAGE = YES_ERROR;
				CLANG_WARN_DOCUMENTATION_COMMENTS = YES;
				CLANG_WARN_EMPTY_BODY = YES;
				CLANG_WARN_ENUM_CONVERSION = YES;
				CLANG_WARN_INFINITE_RECURSION = YES;
				CLANG_WARN_INT_CONVERSION = YES;
				CLANG_WARN_NON_LITERAL_NULL_CONVERSION = YES;
				CLANG_WARN_OBJC_IMPLICIT_RETAIN_SELF = YES;
				CLANG_WARN_OBJC_LITERAL_CONVERSION = YES;
				CLANG_WARN_OBJC_ROOT_CLASS = YES_ERROR;
				CLANG_WARN_QUOTED_INCLUDE_IN_FRAMEWORK_HEADER = YES;
				CLANG_WARN_RANGE_LOOP_ANALYSIS = YES;
				CLANG_WARN_STRICT_PROTOTYPES = YES;
				CLANG_WARN_SUSPICIOUS_MOVE = YES;
				CLANG_WARN_UNGUARDED_AVAILABILITY = YES_AGGRESSIVE;
				CLANG_WARN_UNREACHABLE_CODE = YES;
				CLANG_WARN__DUPLICATE_METHOD_MATCH = YES;
				COPY_PHASE_STRIP = NO;
				DEBUG_INFORMATION_FORMAT = dwarf;
				ENABLE_STRICT_OBJC_MSGSEND = YES;
				ENABLE_TESTABILITY = YES;
				GCC_C_LANGUAGE_STANDARD = gnu11;
				GCC_DYNAMIC_NO_PIC = NO;
				GCC_NO_COMMON_BLOCKS = YES;
				GCC_OPTIMIZATION_LEVEL = 0;
				GCC_PREPROCESSOR_DEFINITIONS = (
					"$(inherited)",
					"DEBUG=1",
				);
				GCC_WARN_64_TO_32_BIT_CONVERSION = YES;
				GCC_WARN_ABOUT_RETURN_TYPE = YES_ERROR;
				GCC_WARN_UNDECLARED_SELECTOR = YES;
				GCC_WARN_UNINITIALIZED_AUTOS = YES_AGGRESSIVE;
				GCC_WARN_UNUSED_FUNCTION = YES;
				GCC_WARN_UNUSED_VARIABLE = YES;
				IPHONEOS_DEPLOYMENT_TARGET = 17.0;
				MTL_ENABLE_DEBUG_INFO = INCLUDE_SOURCE;
				MTL_FAST_MATH = YES;
				ONLY_ACTIVE_ARCH = YES;
				PRODUCT_NAME = "$(TARGET_NAME)";
				SDKROOT = iphoneos;
				SWIFT_ACTIVE_COMPILATION_CONDITIONS = DEBUG;
				SWIFT_OPTIMIZATION_LEVEL = "-Onone";
				SWIFT_VERSION = 5.0;
			};
			name = Debug;
		};
		689E572AFC41CBE3D4D021F5 /* Debug */ = {
			isa = XCBuildConfiguration;
			buildSettings = {
				ASSETCATALOG_COMPILER_APPICON_NAME = AppIcon;
				CODE_SIGN_IDENTITY = "iPhone Developer";
				CODE_SIGN_STYLE = Automatic;
				CURRENT_PROJECT_VERSION = 1;
				DEVELOPMENT_TEAM = 46KWJJ63FU;
				INFOPLIST_FILE = CycleOdometer/Info.plist;
				LD_RUNPATH_SEARCH_PATHS = (
					"$(inherited)",
					"@executable_path/Frameworks",
				);
				MARKETING_VERSION = 1.0.0;
				PRODUCT_BUNDLE_IDENTIFIER = com.williamcherry.cycleodometer;
				SDKROOT = iphoneos;
				SWIFT_VERSION = 5.0;
				TARGETED_DEVICE_FAMILY = 1;
			};
			name = Debug;
		};
/* End XCBuildConfiguration section */

/* Begin XCConfigurationList section */
		02623733093277513453864F /* Build configuration list for PBXNativeTarget "CycleOdometer" */ = {
			isa = XCConfigurationList;
			buildConfigurations = (
				689E572AFC41CBE3D4D021F5 /* Debug */,
				2DD96A1989FDAC0B54CB06C0 /* Release */,
			);
			defaultConfigurationIsVisible = 0;
			defaultConfigurationName = Debug;
		};
		D77F712640E6F99024AD70CB /* Build configuration list for PBXProject "CycleOdometer" */ = {
			isa = XCConfigurationList;
			buildConfigurations = (
				658299DA8FECF66BBB308CAB /* Debug */,
				223FB993F769F68B955C810B /* Release */,
			);
			defaultConfigurationIsVisible = 0;
			defaultConfigurationName = Debug;
		};
/* End XCConfigurationList section */
	};
	rootObject = 1C2C247B77C8C7C86704A567 /* Project object */;
}
