// !$*UTF8*$!
{
	archiveVersion = 1;
	classes = {
	};
	objectVersion = 77;
	objects = {

/* Begin PBXBuildFile section */
		0247DA926872D77EE6213E40 /* Settings.swift in Sources */ = {isa = PBXBuildFile; fileRef = F8BA92FC527EB4ED57F778CF /* Settings.swift */; };
		0375B581844B778324D6C72D /* RideHistory.swift in Sources */ = {isa = PBXBuildFile; fileRef = B6BE9DB60B0CDD581339830D /* RideHistory.swift */; };
		0FCFF98D51EBF10F932AAC54 /* Assets.xcassets in Resources */ = {isa = PBXBuildFile; fileRef = 9D8DA170CD07919B455B0B7B /* Assets.xcassets */; };
		521EFFC7BE299BCB7F82AF54 /* CycleOdometerApp.swift in Sources */ = {isa = PBXBuildFile; fileRef = 7F6984A3A568C118ABFFE619 /* CycleOdometerApp.swift */; };
		58CF4590BDBECDCEAF7AEA44 /* Controls.swift in Sources */ = {isa = PBXBuildFile; fileRef = 457B2E3E91831E600DC4BDBA /* Controls.swift */; };
		5DA18D44E170776FB3522325 /* RouteLibrary.swift in Sources */ = {isa = PBXBuildFile; fileRef = 912C794D5A7AE36232975704 /* RouteLibrary.swift */; };
		66396E6B6C0DA18A288E2C09 /* StartView.swift in Sources */ = {isa = PBXBuildFile; fileRef = 4AFDDA9D394AF824CA68728A /* StartView.swift */; };
		A10B0DF16D634E722B688E4F /* RideMapView.swift in Sources */ = {isa = PBXBuildFile; fileRef = 0F5FE8991650D9B57E931A04 /* RideMapView.swift */; };
		A72F16F97E442329E21886BF /* CompassView.swift in Sources */ = {isa = PBXBuildFile; fileRef = 54152D4D1ED844C5541B7451 /* CompassView.swift */; };
		AD2D7EE9C15655DFC6FFD318 /* SpeedGauge.swift in Sources */ = {isa = PBXBuildFile; fileRef = 464D23EB5E279AB2D5AF22ED /* SpeedGauge.swift */; };
		C37CFE47F5700FAD59E4D4B3 /* RideView.swift in Sources */ = {isa = PBXBuildFile; fileRef = 497C1DC7D94EE20F3DEDBA48 /* RideView.swift */; };
		D12DFBB317B084188699FEE0 /* RouteTests.swift in Sources */ = {isa = PBXBuildFile; fileRef = 2D29B119956A2712C5DF514A /* RouteTests.swift */; };
		D8EF84B668D6CCEDACB5E169 /* Track.swift in Sources */ = {isa = PBXBuildFile; fileRef = 85F4BD553DBAED49E898E413 /* Track.swift */; };
		DB20FED49DB489DE11C0E945 /* GPX.swift in Sources */ = {isa = PBXBuildFile; fileRef = 5787AC9831CAF961B83D90CC /* GPX.swift */; };
		E77BDC7A2EEB7E3F3759600E /* RideTracker.swift in Sources */ = {isa = PBXBuildFile; fileRef = F8A3E2D50CBA48E4BBA06195 /* RideTracker.swift */; };
		EB7A3AF153D5D102B8D2320C /* RoutesView.swift in Sources */ = {isa = PBXBuildFile; fileRef = 6B88B5DDB963FCBC216F1043 /* RoutesView.swift */; };
		EEE2F7C78FB7EA354F022063 /* RideDetailView.swift in Sources */ = {isa = PBXBuildFile; fileRef = 049AAEF37FF0C4BD045ACC79 /* RideDetailView.swift */; };
		F56BD8C036BA855CDCAFDBFC /* HistoryView.swift in Sources */ = {isa = PBXBuildFile; fileRef = 89AC8FCAD7884F6552783A88 /* HistoryView.swift */; };
		FFFFB4FF77ACAD3163C8E2BE /* TrackTests.swift in Sources */ = {isa = PBXBuildFile; fileRef = F7AECE31705D7D14CDC2CA2D /* TrackTests.swift */; };
/* End PBXBuildFile section */

/* Begin PBXContainerItemProxy section */
		95DFC365C626F42B87458A6C /* PBXContainerItemProxy */ = {
			isa = PBXContainerItemProxy;
			containerPortal = 1C2C247B77C8C7C86704A567 /* Project object */;
			proxyType = 1;
			remoteGlobalIDString = D63C64DA4C8A59A1CE01C60B;
			remoteInfo = CycleOdometer;
		};
/* End PBXContainerItemProxy section */

/* Begin PBXFileReference section */
		049AAEF37FF0C4BD045ACC79 /* RideDetailView.swift */ = {isa = PBXFileReference; lastKnownFileType = sourcecode.swift; path = RideDetailView.swift; sourceTree = "<group>"; };
		0F5FE8991650D9B57E931A04 /* RideMapView.swift */ = {isa = PBXFileReference; lastKnownFileType = sourcecode.swift; path = RideMapView.swift; sourceTree = "<group>"; };
		2D29B119956A2712C5DF514A /* RouteTests.swift */ = {isa = PBXFileReference; lastKnownFileType = sourcecode.swift; path = RouteTests.swift; sourceTree = "<group>"; };
		457B2E3E91831E600DC4BDBA /* Controls.swift */ = {isa = PBXFileReference; lastKnownFileType = sourcecode.swift; path = Controls.swift; sourceTree = "<group>"; };
		464D23EB5E279AB2D5AF22ED /* SpeedGauge.swift */ = {isa = PBXFileReference; lastKnownFileType = sourcecode.swift; path = SpeedGauge.swift; sourceTree = "<group>"; };
		497C1DC7D94EE20F3DEDBA48 /* RideView.swift */ = {isa = PBXFileReference; lastKnownFileType = sourcecode.swift; path = RideView.swift; sourceTree = "<group>"; };
		4AFDDA9D394AF824CA68728A /* StartView.swift */ = {isa = PBXFileReference; lastKnownFileType = sourcecode.swift; path = StartView.swift; sourceTree = "<group>"; };
		54152D4D1ED844C5541B7451 /* CompassView.swift */ = {isa = PBXFileReference; lastKnownFileType = sourcecode.swift; path = CompassView.swift; sourceTree = "<group>"; };
		5787AC9831CAF961B83D90CC /* GPX.swift */ = {isa = PBXFileReference; lastKnownFileType = sourcecode.swift; path = GPX.swift; sourceTree = "<group>"; };
		6B88B5DDB963FCBC216F1043 /* RoutesView.swift */ = {isa = PBXFileReference; lastKnownFileType = sourcecode.swift; path = RoutesView.swift; sourceTree = "<group>"; };
		7F6984A3A568C118ABFFE619 /* CycleOdometerApp.swift */ = {isa = PBXFileReference; lastKnownFileType = sourcecode.swift; path = CycleOdometerApp.swift; sourceTree = "<group>"; };
		85F4BD553DBAED49E898E413 /* Track.swift */ = {isa = PBXFileReference; lastKnownFileType = sourcecode.swift; path = Track.swift; sourceTree = "<group>"; };
		89AC8FCAD7884F6552783A88 /* HistoryView.swift */ = {isa = PBXFileReference; lastKnownFileType = sourcecode.swift; path = HistoryView.swift; sourceTree = "<group>"; };
		912C794D5A7AE36232975704 /* RouteLibrary.swift */ = {isa = PBXFileReference; lastKnownFileType = sourcecode.swift; path = RouteLibrary.swift; sourceTree = "<group>"; };
		9D8DA170CD07919B455B0B7B /* Assets.xcassets */ = {isa = PBXFileReference; lastKnownFileType = folder.assetcatalog; path = Assets.xcassets; sourceTree = "<group>"; };
		B6BE9DB60B0CDD581339830D /* RideHistory.swift */ = {isa = PBXFileReference; lastKnownFileType = sourcecode.swift; path = RideHistory.swift; sourceTree = "<group>"; };
		D9B7A0719302AEC84EA8DBC7 /* CycleOdometer.app */ = {isa = PBXFileReference; includeInIndex = 0; lastKnownFileType = wrapper.application; path = CycleOdometer.app; sourceTree = BUILT_PRODUCTS_DIR; };
		F217176C097D574473357DFC /* CycleOdometerTests.xctest */ = {isa = PBXFileReference; includeInIndex = 0; lastKnownFileType = wrapper.cfbundle; path = CycleOdometerTests.xctest; sourceTree = BUILT_PRODUCTS_DIR; };
		F4520F305083BAED0B38B55B /* Info.plist */ = {isa = PBXFileReference; lastKnownFileType = text.plist; path = Info.plist; sourceTree = "<group>"; };
		F7AECE31705D7D14CDC2CA2D /* TrackTests.swift */ = {isa = PBXFileReference; lastKnownFileType = sourcecode.swift; path = TrackTests.swift; sourceTree = "<group>"; };
		F8A3E2D50CBA48E4BBA06195 /* RideTracker.swift */ = {isa = PBXFileReference; lastKnownFileType = sourcecode.swift; path = RideTracker.swift; sourceTree = "<group>"; };
		F8BA92FC527EB4ED57F778CF /* Settings.swift */ = {isa = PBXFileReference; lastKnownFileType = sourcecode.swift; path = Settings.swift; sourceTree = "<group>"; };
/* End PBXFileReference section */

/* Begin PBXGroup section */
		02B4863A691959A0A9D34589 /* CycleOdometerTests */ = {
			isa = PBXGroup;
			children = (
				2D29B119956A2712C5DF514A /* RouteTests.swift */,
				F7AECE31705D7D14CDC2CA2D /* TrackTests.swift */,
			);
			path = CycleOdometerTests;
			sourceTree = "<group>";
		};
		1EDB787EFCFA4FFF94EDAD72 = {
			isa = PBXGroup;
			children = (
				7F78ACC4EBF7F57E071D2C01 /* CycleOdometer */,
				02B4863A691959A0A9D34589 /* CycleOdometerTests */,
				561CF02F3E33D74DC959E28D /* Products */,
			);
			sourceTree = "<group>";
		};
		561CF02F3E33D74DC959E28D /* Products */ = {
			isa = PBXGroup;
			children = (
				D9B7A0719302AEC84EA8DBC7 /* CycleOdometer.app */,
				F217176C097D574473357DFC /* CycleOdometerTests.xctest */,
			);
			name = Products;
			sourceTree = "<group>";
		};
		7F78ACC4EBF7F57E071D2C01 /* CycleOdometer */ = {
			isa = PBXGroup;
			children = (
				9D8DA170CD07919B455B0B7B /* Assets.xcassets */,
				54152D4D1ED844C5541B7451 /* CompassView.swift */,
				457B2E3E91831E600DC4BDBA /* Controls.swift */,
				7F6984A3A568C118ABFFE619 /* CycleOdometerApp.swift */,
				5787AC9831CAF961B83D90CC /* GPX.swift */,
				89AC8FCAD7884F6552783A88 /* HistoryView.swift */,
				F4520F305083BAED0B38B55B /* Info.plist */,
				049AAEF37FF0C4BD045ACC79 /* RideDetailView.swift */,
				B6BE9DB60B0CDD581339830D /* RideHistory.swift */,
				0F5FE8991650D9B57E931A04 /* RideMapView.swift */,
				F8A3E2D50CBA48E4BBA06195 /* RideTracker.swift */,
				497C1DC7D94EE20F3DEDBA48 /* RideView.swift */,
				912C794D5A7AE36232975704 /* RouteLibrary.swift */,
				6B88B5DDB963FCBC216F1043 /* RoutesView.swift */,
				F8BA92FC527EB4ED57F778CF /* Settings.swift */,
				464D23EB5E279AB2D5AF22ED /* SpeedGauge.swift */,
				4AFDDA9D394AF824CA68728A /* StartView.swift */,
				85F4BD553DBAED49E898E413 /* Track.swift */,
			);
			path = CycleOdometer;
			sourceTree = "<group>";
		};
/* End PBXGroup section */

/* Begin PBXNativeTarget section */
		55D89CC0F8192D107D5C791C /* CycleOdometerTests */ = {
			isa = PBXNativeTarget;
			buildConfigurationList = 6A8187ADDCD7B7F11E70DF62 /* Build configuration list for PBXNativeTarget "CycleOdometerTests" */;
			buildPhases = (
				DBAA188469F650CDAB73D270 /* Sources */,
			);
			buildRules = (
			);
			dependencies = (
				8B2B3811D6B81B106299BCEA /* PBXTargetDependency */,
			);
			name = CycleOdometerTests;
			packageProductDependencies = (
			);
			productName = CycleOdometerTests;
			productReference = F217176C097D574473357DFC /* CycleOdometerTests.xctest */;
			productType = "com.apple.product-type.bundle.unit-test";
		};
		D63C64DA4C8A59A1CE01C60B /* CycleOdometer */ = {
			isa = PBXNativeTarget;
			buildConfigurationList = 02623733093277513453864F /* Build configuration list for PBXNativeTarget "CycleOdometer" */;
			buildPhases = (
				0FC75F4A101B8DF80EEA561B /* Sources */,
				0D926B6BE0899DF443798DC8 /* Resources */,
			);
			buildRules = (
			);
			dependencies = (
			);
			name = CycleOdometer;
			packageProductDependencies = (
			);
			productName = CycleOdometer;
			productReference = D9B7A0719302AEC84EA8DBC7 /* CycleOdometer.app */;
			productType = "com.apple.product-type.application";
		};
/* End PBXNativeTarget section */

/* Begin PBXProject section */
		1C2C247B77C8C7C86704A567 /* Project object */ = {
			isa = PBXProject;
			attributes = {
				BuildIndependentTargetsInParallel = YES;
				LastUpgradeCheck = 1430;
				TargetAttributes = {
					55D89CC0F8192D107D5C791C = {
						DevelopmentTeam = 46KWJJ63FU;
						ProvisioningStyle = Automatic;
					};
					D63C64DA4C8A59A1CE01C60B = {
						DevelopmentTeam = 46KWJJ63FU;
						ProvisioningStyle = Automatic;
					};
				};
			};
			buildConfigurationList = D77F712640E6F99024AD70CB /* Build configuration list for PBXProject "CycleOdometer" */;
			compatibilityVersion = "Xcode 14.0";
			developmentRegion = en;
			hasScannedForEncodings = 0;
			knownRegions = (
				Base,
				en,
			);
			mainGroup = 1EDB787EFCFA4FFF94EDAD72;
			minimizedProjectReferenceProxies = 1;
			preferredProjectObjectVersion = 77;
			projectDirPath = "";
			projectRoot = "";
			targets = (
				D63C64DA4C8A59A1CE01C60B /* CycleOdometer */,
				55D89CC0F8192D107D5C791C /* CycleOdometerTests */,
			);
		};
/* End PBXProject section */

/* Begin PBXResourcesBuildPhase section */
		0D926B6BE0899DF443798DC8 /* Resources */ = {
			isa = PBXResourcesBuildPhase;
			buildActionMask = 2147483647;
			files = (
				0FCFF98D51EBF10F932AAC54 /* Assets.xcassets in Resources */,
			);
			runOnlyForDeploymentPostprocessing = 0;
		};
/* End PBXResourcesBuildPhase section */

/* Begin PBXSourcesBuildPhase section */
		0FC75F4A101B8DF80EEA561B /* Sources */ = {
			isa = PBXSourcesBuildPhase;
			buildActionMask = 2147483647;
			files = (
				A72F16F97E442329E21886BF /* CompassView.swift in Sources */,
				58CF4590BDBECDCEAF7AEA44 /* Controls.swift in Sources */,
				521EFFC7BE299BCB7F82AF54 /* CycleOdometerApp.swift in Sources */,
				DB20FED49DB489DE11C0E945 /* GPX.swift in Sources */,
				F56BD8C036BA855CDCAFDBFC /* HistoryView.swift in Sources */,
				EEE2F7C78FB7EA354F022063 /* RideDetailView.swift in Sources */,
				0375B581844B778324D6C72D /* RideHistory.swift in Sources */,
				A10B0DF16D634E722B688E4F /* RideMapView.swift in Sources */,
				E77BDC7A2EEB7E3F3759600E /* RideTracker.swift in Sources */,
				C37CFE47F5700FAD59E4D4B3 /* RideView.swift in Sources */,
				5DA18D44E170776FB3522325 /* RouteLibrary.swift in Sources */,
				EB7A3AF153D5D102B8D2320C /* RoutesView.swift in Sources */,
				0247DA926872D77EE6213E40 /* Settings.swift in Sources */,
				AD2D7EE9C15655DFC6FFD318 /* SpeedGauge.swift in Sources */,
				66396E6B6C0DA18A288E2C09 /* StartView.swift in Sources */,
				D8EF84B668D6CCEDACB5E169 /* Track.swift in Sources */,
			);
			runOnlyForDeploymentPostprocessing = 0;
		};
		DBAA188469F650CDAB73D270 /* Sources */ = {
			isa = PBXSourcesBuildPhase;
			buildActionMask = 2147483647;
			files = (
				D12DFBB317B084188699FEE0 /* RouteTests.swift in Sources */,
				FFFFB4FF77ACAD3163C8E2BE /* TrackTests.swift in Sources */,
			);
			runOnlyForDeploymentPostprocessing = 0;
		};
/* End PBXSourcesBuildPhase section */

/* Begin PBXTargetDependency section */
		8B2B3811D6B81B106299BCEA /* PBXTargetDependency */ = {
			isa = PBXTargetDependency;
			target = D63C64DA4C8A59A1CE01C60B /* CycleOdometer */;
			targetProxy = 95DFC365C626F42B87458A6C /* PBXContainerItemProxy */;
		};
/* End PBXTargetDependency section */

/* Begin XCBuildConfiguration section */
		011297EBB9441B0FF996F0C6 /* Release */ = {
			isa = XCBuildConfiguration;
			buildSettings = {
				BUNDLE_LOADER = "$(TEST_HOST)";
				CODE_SIGN_STYLE = Automatic;
				DEVELOPMENT_TEAM = 46KWJJ63FU;
				GENERATE_INFOPLIST_FILE = YES;
				LD_RUNPATH_SEARCH_PATHS = (
					"$(inherited)",
					"@executable_path/Frameworks",
					"@loader_path/Frameworks",
				);
				PRODUCT_BUNDLE_IDENTIFIER = com.williamcherry.cycleodometer.tests;
				SDKROOT = iphoneos;
				SWIFT_VERSION = 5.0;
				TARGETED_DEVICE_FAMILY = "1,2";
				TEST_HOST = "$(BUILT_PRODUCTS_DIR)/CycleOdometer.app/CycleOdometer";
			};
			name = Release;
		};
		223FB993F769F68B955C810B /* Release */ = {
			isa = XCBuildConfiguration;
			buildSettings = {
				ALWAYS_SEARCH_USER_PATHS = NO;
				CLANG_ANALYZER_NONNULL = YES;
				CLANG_ANALYZER_NUMBER_OBJECT_CONVERSION = YES_AGGRESSIVE;
				CLANG_CXX_LANGUAGE_STANDARD = "gnu++14";
				CLANG_CXX_LIBRARY = "libc++";
				CLANG_ENABLE_MODULES = YES;
				CLANG_ENABLE_OBJC_ARC = YES;
				CLANG_ENABLE_OBJC_WEAK = YES;
				CLANG_WARN_BLOCK_CAPTURE_AUTORELEASING = YES;
				CLANG_WARN_BOOL_CONVERSION = YES;
				CLANG_WARN_COMMA = YES;
				CLANG_WARN_CONSTANT_CONVERSION = YES;
				CLANG_WARN_DEPRECATED_OBJC_IMPLEMENTATIONS = YES;
				CLANG_WARN_DIRECT_OBJC_ISA_USAGE = YES_ERROR;
				CLANG_WARN_DOCUMENTATION_COMMENTS = YES;
				CLANG_WARN_EMPTY_BODY = YES;
				CLANG_WARN_ENUM_CONVERSION = YES;
				CLANG_WARN_INFINITE_RECURSION = YES;
				CLANG_WARN_INT_CONVERSION = YES;
				CLANG_WARN_NON_LITERAL_NULL_CONVERSION = YES;
				CLANG_WARN_OBJC_IMPLICIT_RETAIN_SELF = YES;
				CLANG_WARN_OBJC_LITERAL_CONVERSION = YES;
				CLANG_WARN_OBJC_ROOT_CLASS = YES_ERROR;
				CLANG_WARN_QUOTED_INCLUDE_IN_FRAMEWORK_HEADER = YES;
				CLANG_WARN_RANGE_LOOP_ANALYSIS = YES;
				CLANG_WARN_STRICT_PROTOTYPES = YES;
				CLANG_WARN_SUSPICIOUS_MOVE = YES;
				CLANG_WARN_UNGUARDED_AVAILABILITY = YES_AGGRESSIVE;
				CLANG_WARN_UNREACHABLE_CODE = YES;
				CLANG_WARN__DUPLICATE_METHOD_MATCH = YES;
				COPY_PHASE_STRIP = NO;
				DEBUG_INFORMATION_FORMAT = "dwarf-with-dsym";
				ENABLE_NS_ASSERTIONS = NO;
				ENABLE_STRICT_OBJC_MSGSEND = YES;
				GCC_C_LANGUAGE_STANDARD = gnu11;
				GCC_NO_COMMON_BLOCKS = YES;
				GCC_WARN_64_TO_32_BIT_CONVERSION = YES;
				GCC_WARN_ABOUT_RETURN_TYPE = YES_ERROR;
				GCC_WARN_UNDECLARED_SELECTOR = YES;
				GCC_WARN_UNINITIALIZED_AUTOS = YES_AGGRESSIVE;
				GCC_WARN_UNUSED_FUNCTION = YES;
				GCC_WARN_UNUSED_VARIABLE = YES;
				IPHONEOS_DEPLOYMENT_TARGET = 26.0;
				MTL_ENABLE_DEBUG_INFO = NO;
				MTL_FAST_MATH = YES;
				PRODUCT_NAME = "$(TARGET_NAME)";
				SDKROOT = iphoneos;
				SWIFT_COMPILATION_MODE = wholemodule;
				SWIFT_OPTIMIZATION_LEVEL = "-O";
				SWIFT_VERSION = 5.0;
			};
			name = Release;
		};
		2DD96A1989FDAC0B54CB06C0 /* Release */ = {
			isa = XCBuildConfiguration;
			buildSettings = {
				ASSETCATALOG_COMPILER_APPICON_NAME = AppIcon;
				CODE_SIGN_IDENTITY = "iPhone Developer";
				CODE_SIGN_STYLE = Automatic;
				CURRENT_PROJECT_VERSION = 1;
				DEVELOPMENT_TEAM = 46KWJJ63FU;
				INFOPLIST_FILE = CycleOdometer/Info.plist;
				LD_RUNPATH_SEARCH_PATHS = (
					"$(inherited)",
					"@executable_path/Frameworks",
				);
				MARKETING_VERSION = 1.0.0;
				PRODUCT_BUNDLE_IDENTIFIER = com.williamcherry.cycleodometer;
				SDKROOT = iphoneos;
				SWIFT_VERSION = 5.0;
				TARGETED_DEVICE_FAMILY = 1;
			};
			name = Release;
		};
		4C2724C46127DE948DA30CB0 /* Debug */ = {
			isa = XCBuildConfiguration;
			buildSettings = {
				BUNDLE_LOADER = "$(TEST_HOST)";
				CODE_SIGN_STYLE = Automatic;
				DEVELOPMENT_TEAM = 46KWJJ63FU;
				GENERATE_INFOPLIST_FILE = YES;
				LD_RUNPATH_SEARCH_PATHS = (
					"$(inherited)",
					"@executable_path/Frameworks",
					"@loader_path/Frameworks",
				);
				PRODUCT_BUNDLE_IDENTIFIER = com.williamcherry.cycleodometer.tests;
				SDKROOT = iphoneos;
				SWIFT_VERSION = 5.0;
				TARGETED_DEVICE_FAMILY = "1,2";
				TEST_HOST = "$(BUILT_PRODUCTS_DIR)/CycleOdometer.app/CycleOdometer";
			};
			name = Debug;
		};
		658299DA8FECF66BBB308CAB /* Debug */ = {
			isa = XCBuildConfiguration;
			buildSettings = {
				ALWAYS_SEARCH_USER_PATHS = NO;
				CLANG_ANALYZER_NONNULL = YES;
				CLANG_ANALYZER_NUMBER_OBJECT_CONVERSION = YES_AGGRESSIVE;
				CLANG_CXX_LANGUAGE_STANDARD = "gnu++14";
				CLANG_CXX_LIBRARY = "libc++";
				CLANG_ENABLE_MODULES = YES;
				CLANG_ENABLE_OBJC_ARC = YES;
				CLANG_ENABLE_OBJC_WEAK = YES;
				CLANG_WARN_BLOCK_CAPTURE_AUTORELEASING = YES;
				CLANG_WARN_BOOL_CONVERSION = YES;
				CLANG_WARN_COMMA = YES;
				CLANG_WARN_CONSTANT_CONVERSION = YES;
				CLANG_WARN_DEPRECATED_OBJC_IMPLEMENTATIONS = YES;
				CLANG_WARN_DIRECT_OBJC_ISA_USAGE = YES_ERROR;
				CLANG_WARN_DOCUMENTATION_COMMENTS = YES;
				CLANG_WARN_EMPTY_BODY = YES;
				CLANG_WARN_ENUM_CONVERSION = YES;
				CLANG_WARN_INFINITE_RECURSION = YES;
				CLANG_WARN_INT_CONVERSION = YES;
				CLANG_WARN_NON_LITERAL_NULL_CONVERSION = YES;
				CLANG_WARN_OBJC_IMPLICIT_RETAIN_SELF = YES;
				CLANG_WARN_OBJC_LITERAL_CONVERSION = YES;
				CLANG_WARN_OBJC_ROOT_CLASS = YES_ERROR;
				CLANG_WARN_QUOTED_INCLUDE_IN_FRAMEWORK_HEADER = YES;
				CLANG_WARN_RANGE_LOOP_ANALYSIS = YES;
				CLANG_WARN_STRICT_PROTOTYPES = YES;
				CLANG_WARN_SUSPICIOUS_MOVE = YES;
				CLANG_WARN_UNGUARDED_AVAILABILITY = YES_AGGRESSIVE;
				CLANG_WARN_UNREACHABLE_CODE = YES;
				CLANG_WARN__DUPLICATE_METHOD_MATCH = YES;
				COPY_PHASE_STRIP = NO;
				DEBUG_INFORMATION_FORMAT = dwarf;
				ENABLE_STRICT_OBJC_MSGSEND = YES;
				ENABLE_TESTABILITY = YES;
				GCC_C_LANGUAGE_STANDARD = gnu11;
				GCC_DYNAMIC_NO_PIC = NO;
				GCC_NO_COMMON_BLOCKS = YES;
				GCC_OPTIMIZATION_LEVEL = 0;
				GCC_PREPROCESSOR_DEFINITIONS = (
					"$(inherited)",
					"DEBUG=1",
				);
				GCC_WARN_64_TO_32_BIT_CONVERSION = YES;
				GCC_WARN_ABOUT_RETURN_TYPE = YES_ERROR;
				GCC_WARN_UNDECLARED_SELECTOR = YES;
				GCC_WARN_UNINITIALIZED_AUTOS = YES_AGGRESSIVE;
				GCC_WARN_UNUSED_FUNCTION = YES;
				GCC_WARN_UNUSED_VARIABLE = YES;
				IPHONEOS_DEPLOYMENT_TARGET = 26.0;
				MTL_ENABLE_DEBUG_INFO = INCLUDE_SOURCE;
				MTL_FAST_MATH = YES;
				ONLY_ACTIVE_ARCH = YES;
				PRODUCT_NAME = "$(TARGET_NAME)";
				SDKROOT = iphoneos;
				SWIFT_ACTIVE_COMPILATION_CONDITIONS = DEBUG;
				SWIFT_OPTIMIZATION_LEVEL = "-Onone";
				SWIFT_VERSION = 5.0;
			};
			name = Debug;
		};
		689E572AFC41CBE3D4D021F5 /* Debug */ = {
			isa = XCBuildConfiguration;
			buildSettings = {
				ASSETCATALOG_COMPILER_APPICON_NAME = AppIcon;
				CODE_SIGN_IDENTITY = "iPhone Developer";
				CODE_SIGN_STYLE = Automatic;
				CURRENT_PROJECT_VERSION = 1;
				DEVELOPMENT_TEAM = 46KWJJ63FU;
				INFOPLIST_FILE = CycleOdometer/Info.plist;
				LD_RUNPATH_SEARCH_PATHS = (
					"$(inherited)",
					"@executable_path/Frameworks",
				);
				MARKETING_VERSION = 1.0.0;
				PRODUCT_BUNDLE_IDENTIFIER = com.williamcherry.cycleodometer;
				SDKROOT = iphoneos;
				SWIFT_VERSION = 5.0;
				TARGETED_DEVICE_FAMILY = 1;
			};
			name = Debug;
		};
/* End XCBuildConfiguration section */

/* Begin XCConfigurationList section */
		02623733093277513453864F /* Build configuration list for PBXNativeTarget "CycleOdometer" */ = {
			isa = XCConfigurationList;
			buildConfigurations = (
				689E572AFC41CBE3D4D021F5 /* Debug */,
				2DD96A1989FDAC0B54CB06C0 /* Release */,
			);
			defaultConfigurationIsVisible = 0;
			defaultConfigurationName = Debug;
		};
		6A8187ADDCD7B7F11E70DF62 /* Build configuration list for PBXNativeTarget "CycleOdometerTests" */ = {
			isa = XCConfigurationList;
			buildConfigurations = (
				4C2724C46127DE948DA30CB0 /* Debug */,
				011297EBB9441B0FF996F0C6 /* Release */,
			);
			defaultConfigurationIsVisible = 0;
			defaultConfigurationName = Debug;
		};
		D77F712640E6F99024AD70CB /* Build configuration list for PBXProject "CycleOdometer" */ = {
			isa = XCConfigurationList;
			buildConfigurations = (
				658299DA8FECF66BBB308CAB /* Debug */,
				223FB993F769F68B955C810B /* Release */,
			);
			defaultConfigurationIsVisible = 0;
			defaultConfigurationName = Debug;
		};
/* End XCConfigurationList section */
	};
	rootObject = 1C2C247B77C8C7C86704A567 /* Project object */;
}
